PODS:
  - CollapsibleTableSectionViewController (0.0.5)

DEPENDENCIES:
  - CollapsibleTableSectionViewController (from `../`)

EXTERNAL SOURCES:
  CollapsibleTableSectionViewController:
    :path: "../"

SPEC CHECKSUMS:
  CollapsibleTableSectionViewController: a9da9daef5cdea2b0c5830493f5c66509457edb8

PODFILE CHECKSUM: b149b5d80e25f3d625e94e3d09cdfbe5a437add7

COCOAPODS: 1.2.1
