PODS:
  - CollapsibleTableSectionViewController (1.0.1)

DEPENDENCIES:
  - CollapsibleTableSectionViewController (from `../`)

EXTERNAL SOURCES:
  CollapsibleTableSectionViewController:
    :path: "../"

SPEC CHECKSUMS:
  CollapsibleTableSectionViewController: 608df3a782355facc44e4ab140157d3afe191fb2

PODFILE CHECKSUM: b149b5d80e25f3d625e94e3d09cdfbe5a437add7

COCOAPODS: 1.5.3
