// !$*UTF8*$!
{
	archiveVersion = 1;
	classes = {
	};
	objectVersion = 46;
	objects = {

/* Begin PBXBuildFile section */
		0A344C571F26580700350307 /* CustomCell.swift in Sources */ = {isa = PBXBuildFile; fileRef = 0A344C561F26580700350307 /* CustomCell.swift */; };
		0A6AFF881F2E912100FA070E /* ExamplesListViewController.swift in Sources */ = {isa = PBXBuildFile; fileRef = 0A6AFF871F2E912100FA070E /* ExamplesListViewController.swift */; };
		0A6AFF8A1F2EB15600FA070E /* CollapseByDefaultExampleViewController.swift in Sources */ = {isa = PBXBuildFile; fileRef = 0A6AFF891F2EB15600FA070E /* CollapseByDefaultExampleViewController.swift */; };
		0A6AFF8C1F2EB20D00FA070E /* ExampleData.swift in Sources */ = {isa = PBXBuildFile; fileRef = 0A6AFF8B1F2EB20D00FA070E /* ExampleData.swift */; };
		0A6AFF8E1F2EB49100FA070E /* CustomCellExampleViewController.swift in Sources */ = {isa = PBXBuildFile; fileRef = 0A6AFF8D1F2EB49100FA070E /* CustomCellExampleViewController.swift */; };
		0A6AFF901F2EB6D600FA070E /* CollapseOthersExampleViewController.swift in Sources */ = {isa = PBXBuildFile; fileRef = 0A6AFF8F1F2EB6D600FA070E /* CollapseOthersExampleViewController.swift */; };
		0AC886DF1F226627007E4E2F /* AppDelegate.swift in Sources */ = {isa = PBXBuildFile; fileRef = 0AC886DE1F226627007E4E2F /* AppDelegate.swift */; };
		0AC886E11F226627007E4E2F /* BasicExampleViewController.swift in Sources */ = {isa = PBXBuildFile; fileRef = 0AC886E01F226627007E4E2F /* BasicExampleViewController.swift */; };
		0AC886E61F226627007E4E2F /* Assets.xcassets in Resources */ = {isa = PBXBuildFile; fileRef = 0AC886E51F226627007E4E2F /* Assets.xcassets */; };
		0AC886E91F226627007E4E2F /* LaunchScreen.storyboard in Resources */ = {isa = PBXBuildFile; fileRef = 0AC886E71F226627007E4E2F /* LaunchScreen.storyboard */; };
		1954D61128E2AEA6960297AB /* Pods_Examples.framework in Frameworks */ = {isa = PBXBuildFile; fileRef = 540185A9FAB3B385AE8ED8A6 /* Pods_Examples.framework */; };
/* End PBXBuildFile section */

/* Begin PBXFileReference section */
		0A344C561F26580700350307 /* CustomCell.swift */ = {isa = PBXFileReference; fileEncoding = 4; lastKnownFileType = sourcecode.swift; path = CustomCell.swift; sourceTree = "<group>"; };
		0A6AFF871F2E912100FA070E /* ExamplesListViewController.swift */ = {isa = PBXFileReference; fileEncoding = 4; lastKnownFileType = sourcecode.swift; path = ExamplesListViewController.swift; sourceTree = "<group>"; };
		0A6AFF891F2EB15600FA070E /* CollapseByDefaultExampleViewController.swift */ = {isa = PBXFileReference; fileEncoding = 4; lastKnownFileType = sourcecode.swift; path = CollapseByDefaultExampleViewController.swift; sourceTree = "<group>"; };
		0A6AFF8B1F2EB20D00FA070E /* ExampleData.swift */ = {isa = PBXFileReference; fileEncoding = 4; lastKnownFileType = sourcecode.swift; path = ExampleData.swift; sourceTree = "<group>"; };
		0A6AFF8D1F2EB49100FA070E /* CustomCellExampleViewController.swift */ = {isa = PBXFileReference; fileEncoding = 4; lastKnownFileType = sourcecode.swift; path = CustomCellExampleViewController.swift; sourceTree = "<group>"; };
		0A6AFF8F1F2EB6D600FA070E /* CollapseOthersExampleViewController.swift */ = {isa = PBXFileReference; fileEncoding = 4; lastKnownFileType = sourcecode.swift; path = CollapseOthersExampleViewController.swift; sourceTree = "<group>"; };
		0AC886DB1F226627007E4E2F /* Examples.app */ = {isa = PBXFileReference; explicitFileType = wrapper.application; includeInIndex = 0; path = Examples.app; sourceTree = BUILT_PRODUCTS_DIR; };
		0AC886DE1F226627007E4E2F /* AppDelegate.swift */ = {isa = PBXFileReference; lastKnownFileType = sourcecode.swift; path = AppDelegate.swift; sourceTree = "<group>"; };
		0AC886E01F226627007E4E2F /* BasicExampleViewController.swift */ = {isa = PBXFileReference; lastKnownFileType = sourcecode.swift; path = BasicExampleViewController.swift; sourceTree = "<group>"; };
		0AC886E51F226627007E4E2F /* Assets.xcassets */ = {isa = PBXFileReference; lastKnownFileType = folder.assetcatalog; path = Assets.xcassets; sourceTree = "<group>"; };
		0AC886E81F226627007E4E2F /* Base */ = {isa = PBXFileReference; lastKnownFileType = file.storyboard; name = Base; path = Base.lproj/LaunchScreen.storyboard; sourceTree = "<group>"; };
		0AC886EA1F226627007E4E2F /* Info.plist */ = {isa = PBXFileReference; lastKnownFileType = text.plist.xml; path = Info.plist; sourceTree = "<group>"; };
		3C62BC05B19E169D1565F49A /* Pods-Examples.release.xcconfig */ = {isa = PBXFileReference; includeInIndex = 1; lastKnownFileType = text.xcconfig; name = "Pods-Examples.release.xcconfig"; path = "Pods/Target Support Files/Pods-Examples/Pods-Examples.release.xcconfig"; sourceTree = "<group>"; };
		540185A9FAB3B385AE8ED8A6 /* Pods_Examples.framework */ = {isa = PBXFileReference; explicitFileType = wrapper.framework; includeInIndex = 0; path = Pods_Examples.framework; sourceTree = BUILT_PRODUCTS_DIR; };
		9A48C72D331DE20192DED484 /* Pods-Examples.debug.xcconfig */ = {isa = PBXFileReference; includeInIndex = 1; lastKnownFileType = text.xcconfig; name = "Pods-Examples.debug.xcconfig"; path = "Pods/Target Support Files/Pods-Examples/Pods-Examples.debug.xcconfig"; sourceTree = "<group>"; };
/* End PBXFileReference section */

/* Begin PBXFrameworksBuildPhase section */
		0AC886D81F226627007E4E2F /* Frameworks */ = {
			isa = PBXFrameworksBuildPhase;
			buildActionMask = 2147483647;
			files = (
				1954D61128E2AEA6960297AB /* Pods_Examples.framework in Frameworks */,
			);
			runOnlyForDeploymentPostprocessing = 0;
		};
/* End PBXFrameworksBuildPhase section */

/* Begin PBXGroup section */
		0A6AFF911F2EB6DE00FA070E /* ViewControllers */ = {
			isa = PBXGroup;
			children = (
				0AC886E01F226627007E4E2F /* BasicExampleViewController.swift */,
				0A6AFF891F2EB15600FA070E /* CollapseByDefaultExampleViewController.swift */,
				0A6AFF8D1F2EB49100FA070E /* CustomCellExampleViewController.swift */,
				0A6AFF8F1F2EB6D600FA070E /* CollapseOthersExampleViewController.swift */,
			);
			name = ViewControllers;
			sourceTree = "<group>";
		};
		0AC886D21F226627007E4E2F = {
			isa = PBXGroup;
			children = (
				0AC886DD1F226627007E4E2F /* Examples */,
				0AC886DC1F226627007E4E2F /* Products */,
				F50AF0A7224297DBF5B5786D /* Pods */,
				823E10AC88D78C64927963B2 /* Frameworks */,
			);
			sourceTree = "<group>";
		};
		0AC886DC1F226627007E4E2F /* Products */ = {
			isa = PBXGroup;
			children = (
				0AC886DB1F226627007E4E2F /* Examples.app */,
			);
			name = Products;
			sourceTree = "<group>";
		};
		0AC886DD1F226627007E4E2F /* Examples */ = {
			isa = PBXGroup;
			children = (
				0A6AFF911F2EB6DE00FA070E /* ViewControllers */,
				0AC886DE1F226627007E4E2F /* AppDelegate.swift */,
				0AC886E51F226627007E4E2F /* Assets.xcassets */,
				0AC886E71F226627007E4E2F /* LaunchScreen.storyboard */,
				0AC886EA1F226627007E4E2F /* Info.plist */,
				0A344C561F26580700350307 /* CustomCell.swift */,
				0A6AFF871F2E912100FA070E /* ExamplesListViewController.swift */,
				0A6AFF8B1F2EB20D00FA070E /* ExampleData.swift */,
			);
			path = Examples;
			sourceTree = "<group>";
		};
		823E10AC88D78C64927963B2 /* Frameworks */ = {
			isa = PBXGroup;
			children = (
				540185A9FAB3B385AE8ED8A6 /* Pods_Examples.framework */,
			);
			name = Frameworks;
			sourceTree = "<group>";
		};
		F50AF0A7224297DBF5B5786D /* Pods */ = {
			isa = PBXGroup;
			children = (
				9A48C72D331DE20192DED484 /* Pods-Examples.debug.xcconfig */,
				3C62BC05B19E169D1565F49A /* Pods-Examples.release.xcconfig */,
			);
			name = Pods;
			sourceTree = "<group>";
		};
/* End PBXGroup section */

/* Begin PBXNativeTarget section */
		0AC886DA1F226627007E4E2F /* Examples */ = {
			isa = PBXNativeTarget;
			buildConfigurationList = 0AC886ED1F226627007E4E2F /* Build configuration list for PBXNativeTarget "Examples" */;
			buildPhases = (
				67BC9FB4010BB81E14931700 /* [CP] Check Pods Manifest.lock */,
				0AC886D71F226627007E4E2F /* Sources */,
				0AC886D81F226627007E4E2F /* Frameworks */,
				0AC886D91F226627007E4E2F /* Resources */,
				2B98B17FB368C4831B7977E1 /* [CP] Embed Pods Frameworks */,
			);
			buildRules = (
			);
			dependencies = (
			);
			name = Examples;
			productName = Examples;
			productReference = 0AC886DB1F226627007E4E2F /* Examples.app */;
			productType = "com.apple.product-type.application";
		};
/* End PBXNativeTarget section */

/* Begin PBXProject section */
		0AC886D31F226627007E4E2F /* Project object */ = {
			isa = PBXProject;
			attributes = {
				LastSwiftUpdateCheck = 0830;
				LastUpgradeCheck = 0830;
				ORGANIZATIONNAME = jeantimex;
				TargetAttributes = {
					0AC886DA1F226627007E4E2F = {
						CreatedOnToolsVersion = 8.3.3;
						DevelopmentTeam = DJEZ3HHH6P;
						ProvisioningStyle = Automatic;
					};
				};
			};
			buildConfigurationList = 0AC886D61F226627007E4E2F /* Build configuration list for PBXProject "Examples" */;
			compatibilityVersion = "Xcode 3.2";
			developmentRegion = English;
			hasScannedForEncodings = 0;
			knownRegions = (
				en,
				Base,
			);
			mainGroup = 0AC886D21F226627007E4E2F;
			productRefGroup = 0AC886DC1F226627007E4E2F /* Products */;
			projectDirPath = "";
			projectRoot = "";
			targets = (
				0AC886DA1F226627007E4E2F /* Examples */,
			);
		};
/* End PBXProject section */

/* Begin PBXResourcesBuildPhase section */
		0AC886D91F226627007E4E2F /* Resources */ = {
			isa = PBXResourcesBuildPhase;
			buildActionMask = 2147483647;
			files = (
				0AC886E91F226627007E4E2F /* LaunchScreen.storyboard in Resources */,
				0AC886E61F226627007E4E2F /* Assets.xcassets in Resources */,
			);
			runOnlyForDeploymentPostprocessing = 0;
		};
/* End PBXResourcesBuildPhase section */

/* Begin PBXShellScriptBuildPhase section */
		2B98B17FB368C4831B7977E1 /* [CP] Embed Pods Frameworks */ = {
			isa = PBXShellScriptBuildPhase;
			buildActionMask = 2147483647;
			files = (
			);
			inputPaths = (
				"${SRCROOT}/Pods/Target Support Files/Pods-Examples/Pods-Examples-frameworks.sh",
				"${BUILT_PRODUCTS_DIR}/CollapsibleTableSectionViewController/CollapsibleTableSectionViewController.framework",
			);
			name = "[CP] Embed Pods Frameworks";
			outputPaths = (
				"${TARGET_BUILD_DIR}/${FRAMEWORKS_FOLDER_PATH}/CollapsibleTableSectionViewController.framework",
			);
			runOnlyForDeploymentPostprocessing = 0;
			shellPath = /bin/sh;
			shellScript = "\"${SRCROOT}/Pods/Target Support Files/Pods-Examples/Pods-Examples-frameworks.sh\"\n";
			showEnvVarsInLog = 0;
		};
		67BC9FB4010BB81E14931700 /* [CP] Check Pods Manifest.lock */ = {
			isa = PBXShellScriptBuildPhase;
			buildActionMask = 2147483647;
			files = (
			);
			inputPaths = (
				"${PODS_PODFILE_DIR_PATH}/Podfile.lock",
				"${PODS_ROOT}/Manifest.lock",
			);
			name = "[CP] Check Pods Manifest.lock";
			outputPaths = (
				"$(DERIVED_FILE_DIR)/Pods-Examples-checkManifestLockResult.txt",
			);
			runOnlyForDeploymentPostprocessing = 0;
			shellPath = /bin/sh;
			shellScript = "diff \"${PODS_PODFILE_DIR_PATH}/Podfile.lock\" \"${PODS_ROOT}/Manifest.lock\" > /dev/null\nif [ $? != 0 ] ; then\n    # print error to STDERR\n    echo \"error: The sandbox is not in sync with the Podfile.lock. Run 'pod install' or update your CocoaPods installation.\" >&2\n    exit 1\nfi\n# This output is used by Xcode 'outputs' to avoid re-running this script phase.\necho \"SUCCESS\" > \"${SCRIPT_OUTPUT_FILE_0}\"\n";
			showEnvVarsInLog = 0;
		};
/* End PBXShellScriptBuildPhase section */

/* Begin PBXSourcesBuildPhase section */
		0AC886D71F226627007E4E2F /* Sources */ = {
			isa = PBXSourcesBuildPhase;
			buildActionMask = 2147483647;
			files = (
				0AC886E11F226627007E4E2F /* BasicExampleViewController.swift in Sources */,
				0A6AFF8E1F2EB49100FA070E /* CustomCellExampleViewController.swift in Sources */,
				0A344C571F26580700350307 /* CustomCell.swift in Sources */,
				0A6AFF8C1F2EB20D00FA070E /* ExampleData.swift in Sources */,
				0A6AFF8A1F2EB15600FA070E /* CollapseByDefaultExampleViewController.swift in Sources */,
				0A6AFF881F2E912100FA070E /* ExamplesListViewController.swift in Sources */,
				0AC886DF1F226627007E4E2F /* AppDelegate.swift in Sources */,
				0A6AFF901F2EB6D600FA070E /* CollapseOthersExampleViewController.swift in Sources */,
			);
			runOnlyForDeploymentPostprocessing = 0;
		};
/* End PBXSourcesBuildPhase section */

/* Begin PBXVariantGroup section */
		0AC886E71F226627007E4E2F /* LaunchScreen.storyboard */ = {
			isa = PBXVariantGroup;
			children = (
				0AC886E81F226627007E4E2F /* Base */,
			);
			name = LaunchScreen.storyboard;
			sourceTree = "<group>";
		};
/* End PBXVariantGroup section */

/* Begin XCBuildConfiguration section */
		0AC886EB1F226627007E4E2F /* Debug */ = {
			isa = XCBuildConfiguration;
			buildSettings = {
				ALWAYS_SEARCH_USER_PATHS = NO;
				CLANG_ANALYZER_NONNULL = YES;
				CLANG_ANALYZER_NUMBER_OBJECT_CONVERSION = YES_AGGRESSIVE;
				CLANG_CXX_LANGUAGE_STANDARD = "gnu++0x";
				CLANG_CXX_LIBRARY = "libc++";
				CLANG_ENABLE_MODULES = YES;
				CLANG_ENABLE_OBJC_ARC = YES;
				CLANG_WARN_BOOL_CONVERSION = YES;
				CLANG_WARN_CONSTANT_CONVERSION = YES;
				CLANG_WARN_DIRECT_OBJC_ISA_USAGE = YES_ERROR;
				CLANG_WARN_DOCUMENTATION_COMMENTS = YES;
				CLANG_WARN_EMPTY_BODY = YES;
				CLANG_WARN_ENUM_CONVERSION = YES;
				CLANG_WARN_INFINITE_RECURSION = YES;
				CLANG_WARN_INT_CONVERSION = YES;
				CLANG_WARN_OBJC_ROOT_CLASS = YES_ERROR;
				CLANG_WARN_SUSPICIOUS_MOVE = YES;
				CLANG_WARN_UNREACHABLE_CODE = YES;
				CLANG_WARN__DUPLICATE_METHOD_MATCH = YES;
				"CODE_SIGN_IDENTITY[sdk=iphoneos*]" = "iPhone Developer";
				COPY_PHASE_STRIP = NO;
				DEBUG_INFORMATION_FORMAT = dwarf;
				ENABLE_STRICT_OBJC_MSGSEND = YES;
				ENABLE_TESTABILITY = YES;
				GCC_C_LANGUAGE_STANDARD = gnu99;
				GCC_DYNAMIC_NO_PIC = NO;
				GCC_NO_COMMON_BLOCKS = YES;
				GCC_OPTIMIZATION_LEVEL = 0;
				GCC_PREPROCESSOR_DEFINITIONS = (
					"DEBUG=1",
					"$(inherited)",
				);
				GCC_WARN_64_TO_32_BIT_CONVERSION = YES;
				GCC_WARN_ABOUT_RETURN_TYPE = YES_ERROR;
				GCC_WARN_UNDECLARED_SELECTOR = YES;
				GCC_WARN_UNINITIALIZED_AUTOS = YES_AGGRESSIVE;
				GCC_WARN_UNUSED_FUNCTION = YES;
				GCC_WARN_UNUSED_VARIABLE = YES;
				IPHONEOS_DEPLOYMENT_TARGET = 10.3;
				MTL_ENABLE_DEBUG_INFO = YES;
				ONLY_ACTIVE_ARCH = YES;
				SDKROOT = iphoneos;
				SWIFT_ACTIVE_COMPILATION_CONDITIONS = DEBUG;
				SWIFT_OPTIMIZATION_LEVEL = "-Onone";
				TARGETED_DEVICE_FAMILY = "1,2";
			};
			name = Debug;
		};
		0AC886EC1F226627007E4E2F /* Release */ = {
			isa = XCBuildConfiguration;
			buildSettings = {
				ALWAYS_SEARCH_USER_PATHS = NO;
				CLANG_ANALYZER_NONNULL = YES;
				CLANG_ANALYZER_NUMBER_OBJECT_CONVERSION = YES_AGGRESSIVE;
				CLANG_CXX_LANGUAGE_STANDARD = "gnu++0x";
				CLANG_CXX_LIBRARY = "libc++";
				CLANG_ENABLE_MODULES = YES;
				CLANG_ENABLE_OBJC_ARC = YES;
				CLANG_WARN_BOOL_CONVERSION = YES;
				CLANG_WARN_CONSTANT_CONVERSION = YES;
				CLANG_WARN_DIRECT_OBJC_ISA_USAGE = YES_ERROR;
				CLANG_WARN_DOCUMENTATION_COMMENTS = YES;
				CLANG_WARN_EMPTY_BODY = YES;
				CLANG_WARN_ENUM_CONVERSION = YES;
				CLANG_WARN_INFINITE_RECURSION = YES;
				CLANG_WARN_INT_CONVERSION = YES;
				CLANG_WARN_OBJC_ROOT_CLASS = YES_ERROR;
				CLANG_WARN_SUSPICIOUS_MOVE = YES;
				CLANG_WARN_UNREACHABLE_CODE = YES;
				CLANG_WARN__DUPLICATE_METHOD_MATCH = YES;
				"CODE_SIGN_IDENTITY[sdk=iphoneos*]" = "iPhone Developer";
				COPY_PHASE_STRIP = NO;
				DEBUG_INFORMATION_FORMAT = "dwarf-with-dsym";
				ENABLE_NS_ASSERTIONS = NO;
				ENABLE_STRICT_OBJC_MSGSEND = YES;
				GCC_C_LANGUAGE_STANDARD = gnu99;
				GCC_NO_COMMON_BLOCKS = YES;
				GCC_WARN_64_TO_32_BIT_CONVERSION = YES;
				GCC_WARN_ABOUT_RETURN_TYPE = YES_ERROR;
				GCC_WARN_UNDECLARED_SELECTOR = YES;
				GCC_WARN_UNINITIALIZED_AUTOS = YES_AGGRESSIVE;
				GCC_WARN_UNUSED_FUNCTION = YES;
				GCC_WARN_UNUSED_VARIABLE = YES;
				IPHONEOS_DEPLOYMENT_TARGET = 10.3;
				MTL_ENABLE_DEBUG_INFO = NO;
				SDKROOT = iphoneos;
				SWIFT_OPTIMIZATION_LEVEL = "-Owholemodule";
				TARGETED_DEVICE_FAMILY = "1,2";
				VALIDATE_PRODUCT = YES;
			};
			name = Release;
		};
		0AC886EE1F226627007E4E2F /* Debug */ = {
			isa = XCBuildConfiguration;
			baseConfigurationReference = 9A48C72D331DE20192DED484 /* Pods-Examples.debug.xcconfig */;
			buildSettings = {
				ASSETCATALOG_COMPILER_APPICON_NAME = AppIcon;
				DEVELOPMENT_TEAM = DJEZ3HHH6P;
				INFOPLIST_FILE = Examples/Info.plist;
				IPHONEOS_DEPLOYMENT_TARGET = 9.0;
				LD_RUNPATH_SEARCH_PATHS = "$(inherited) @executable_path/Frameworks";
				PRODUCT_BUNDLE_IDENTIFIER = jeantimex.com.Examples;
				PRODUCT_NAME = "$(TARGET_NAME)";
				SWIFT_VERSION = 3.0;
			};
			name = Debug;
		};
		0AC886EF1F226627007E4E2F /* Release */ = {
			isa = XCBuildConfiguration;
			baseConfigurationReference = 3C62BC05B19E169D1565F49A /* Pods-Examples.release.xcconfig */;
			buildSettings = {
				ASSETCATALOG_COMPILER_APPICON_NAME = AppIcon;
				DEVELOPMENT_TEAM = DJEZ3HHH6P;
				INFOPLIST_FILE = Examples/Info.plist;
				IPHONEOS_DEPLOYMENT_TARGET = 9.0;
				LD_RUNPATH_SEARCH_PATHS = "$(inherited) @executable_path/Frameworks";
				PRODUCT_BUNDLE_IDENTIFIER = jeantimex.com.Examples;
				PRODUCT_NAME = "$(TARGET_NAME)";
				SWIFT_VERSION = 3.0;
			};
			name = Release;
		};
/* End XCBuildConfiguration section */

/* Begin XCConfigurationList section */
		0AC886D61F226627007E4E2F /* Build configuration list for PBXProject "Examples" */ = {
			isa = XCConfigurationList;
			buildConfigurations = (
				0AC886EB1F226627007E4E2F /* Debug */,
				0AC886EC1F226627007E4E2F /* Release */,
			);
			defaultConfigurationIsVisible = 0;
			defaultConfigurationName = Release;
		};
		0AC886ED1F226627007E4E2F /* Build configuration list for PBXNativeTarget "Examples" */ = {
			isa = XCConfigurationList;
			buildConfigurations = (
				0AC886EE1F226627007E4E2F /* Debug */,
				0AC886EF1F226627007E4E2F /* Release */,
			);
			defaultConfigurationIsVisible = 0;
			defaultConfigurationName = Release;
		};
/* End XCConfigurationList section */
	};
	rootObject = 0AC886D31F226627007E4E2F /* Project object */;
}
